
Microsoft Visual Studio Solution File, Format Version 12.00
# Visual Studio 2012
Project("{FAE04EC0-301F-11D3-BF4B-00C04F79EFBC}") = "isct.arduinoscada.common", "isct.arduinoscada.common\isct.arduinoscada.common.csproj", "{D386A66E-3635-499D-8936-5DE748F38F8F}"
EndProject
Project("{FAE04EC0-301F-11D3-BF4B-00C04F79EFBC}") = "isct.arduinoscada.services.config", "isct.arduinoscada.services.config\isct.arduinoscada.services.config.csproj", "{97DCCA4D-DB44-401E-9FEA-F525D481A82D}"
EndProject
Project("{FAE04EC0-301F-11D3-BF4B-00C04F79EFBC}") = "isct.arduinoscada.web", "isct.arduinoscada.web\isct.arduinoscada.web.csproj", "{6D08658A-6B70-4136-B542-BB31C2383E2F}"
EndProject
Project("{FAE04EC0-301F-11D3-BF4B-00C04F79EFBC}") = "isct.arduinoscada.tests", "isct.arduinoscada.tests\isct.arduinoscada.tests.csproj", "{CA422C43-4A34-4613-92E1-8E4DA24451F7}"
EndProject
Project("{FAE04EC0-301F-11D3-BF4B-00C04F79EFBC}") = "isct.arduinoscada.services.runtime", "isct.arduinoscada.services.runtime\isct.arduinoscada.services.runtime.csproj", "{FF4A86D4-4DBB-4BBA-8FA1-F50A769A36F6}"
EndProject
Global
	GlobalSection(SolutionConfigurationPlatforms) = preSolution
		Debug|Any CPU = Debug|Any CPU
		Release|Any CPU = Release|Any CPU
	EndGlobalSection
	GlobalSection(ProjectConfigurationPlatforms) = postSolution
		{D386A66E-3635-499D-8936-5DE748F38F8F}.Debug|Any CPU.ActiveCfg = Debug|Any CPU
		{D386A66E-3635-499D-8936-5DE748F38F8F}.Debug|Any CPU.Build.0 = Debug|Any CPU
		{D386A66E-3635-499D-8936-5DE748F38F8F}.Release|Any CPU.ActiveCfg = Release|Any CPU
		{D386A66E-3635-499D-8936-5DE748F38F8F}.Release|Any CPU.Build.0 = Release|Any CPU
		{97DCCA4D-DB44-401E-9FEA-F525D481A82D}.Debug|Any CPU.ActiveCfg = Debug|Any CPU
		{97DCCA4D-DB44-401E-9FEA-F525D481A82D}.Debug|Any CPU.Build.0 = Debug|Any CPU
		{97DCCA4D-DB44-401E-9FEA-F525D481A82D}.Release|Any CPU.ActiveCfg = Release|Any CPU
		{97DCCA4D-DB44-401E-9FEA-F525D481A82D}.Release|Any CPU.Build.0 = Release|Any CPU
		{6D08658A-6B70-4136-B542-BB31C2383E2F}.Debug|Any CPU.ActiveCfg = Debug|Any CPU
		{6D08658A-6B70-4136-B542-BB31C2383E2F}.Debug|Any CPU.Build.0 = Debug|Any CPU
		{6D08658A-6B70-4136-B542-BB31C2383E2F}.Release|Any CPU.ActiveCfg = Release|Any CPU
		{6D08658A-6B70-4136-B542-BB31C2383E2F}.Release|Any CPU.Build.0 = Release|Any CPU
		{CA422C43-4A34-4613-92E1-8E4DA24451F7}.Debug|Any CPU.ActiveCfg = Debug|Any CPU
		{CA422C43-4A34-4613-92E1-8E4DA24451F7}.Debug|Any CPU.Build.0 = Debug|Any CPU
		{CA422C43-4A34-4613-92E1-8E4DA24451F7}.Release|Any CPU.ActiveCfg = Release|Any CPU
		{CA422C43-4A34-4613-92E1-8E4DA24451F7}.Release|Any CPU.Build.0 = Release|Any CPU
		{FF4A86D4-4DBB-4BBA-8FA1-F50A769A36F6}.Debug|Any CPU.ActiveCfg = Debug|Any CPU
		{FF4A86D4-4DBB-4BBA-8FA1-F50A769A36F6}.Debug|Any CPU.Build.0 = Debug|Any CPU
		{FF4A86D4-4DBB-4BBA-8FA1-F50A769A36F6}.Release|Any CPU.ActiveCfg = Release|Any CPU
		{FF4A86D4-4DBB-4BBA-8FA1-F50A769A36F6}.Release|Any CPU.Build.0 = Release|Any CPU
	EndGlobalSection
	GlobalSection(SolutionProperties) = preSolution
		HideSolutionNode = FALSE
	EndGlobalSection
EndGlobal
